// !$*UTF8*$!
{
	archiveVersion = 1;
	classes = {
	};
	objectVersion = 50;
	objects = {

/* Begin PBXBuildFile section */
		AC6D015821F8B3670085B827 /* AppDelegate.swift in Sources */ = {isa = PBXBuildFile; fileRef = AC6D015721F8B3670085B827 /* AppDelegate.swift */; };
		AC6D015A21F8B3670085B827 /* GameScene.sks in Resources */ = {isa = PBXBuildFile; fileRef = AC6D015921F8B3670085B827 /* GameScene.sks */; };
		AC6D015C21F8B3670085B827 /* Actions.sks in Resources */ = {isa = PBXBuildFile; fileRef = AC6D015B21F8B3670085B827 /* Actions.sks */; };
		AC6D015E21F8B3670085B827 /* GameScene.swift in Sources */ = {isa = PBXBuildFile; fileRef = AC6D015D21F8B3670085B827 /* GameScene.swift */; };
		AC6D016021F8B3670085B827 /* GameViewController.swift in Sources */ = {isa = PBXBuildFile; fileRef = AC6D015F21F8B3670085B827 /* GameViewController.swift */; };
		AC6D016321F8B3670085B827 /* Main.storyboard in Resources */ = {isa = PBXBuildFile; fileRef = AC6D016121F8B3670085B827 /* Main.storyboard */; };
		AC6D016521F8B3680085B827 /* Assets.xcassets in Resources */ = {isa = PBXBuildFile; fileRef = AC6D016421F8B3680085B827 /* Assets.xcassets */; };
		AC6D016821F8B3680085B827 /* LaunchScreen.storyboard in Resources */ = {isa = PBXBuildFile; fileRef = AC6D016621F8B3680085B827 /* LaunchScreen.storyboard */; };
		AC6D017021F8BCE80085B827 /* BluetoothSerial.swift in Sources */ = {isa = PBXBuildFile; fileRef = AC6D016F21F8BCE80085B827 /* BluetoothSerial.swift */; };
/* End PBXBuildFile section */

/* Begin PBXFileReference section */
		AC6D015421F8B3670085B827 /* EuroVizDemo.app */ = {isa = PBXFileReference; explicitFileType = wrapper.application; includeInIndex = 0; path = EuroVizDemo.app; sourceTree = BUILT_PRODUCTS_DIR; };
		AC6D015721F8B3670085B827 /* AppDelegate.swift */ = {isa = PBXFileReference; lastKnownFileType = sourcecode.swift; path = AppDelegate.swift; sourceTree = "<group>"; };
		AC6D015921F8B3670085B827 /* GameScene.sks */ = {isa = PBXFileReference; lastKnownFileType = file.sks; path = GameScene.sks; sourceTree = "<group>"; };
		AC6D015B21F8B3670085B827 /* Actions.sks */ = {isa = PBXFileReference; lastKnownFileType = file.sks; path = Actions.sks; sourceTree = "<group>"; };
		AC6D015D21F8B3670085B827 /* GameScene.swift */ = {isa = PBXFileReference; lastKnownFileType = sourcecode.swift; path = GameScene.swift; sourceTree = "<group>"; };
		AC6D015F21F8B3670085B827 /* GameViewController.swift */ = {isa = PBXFileReference; lastKnownFileType = sourcecode.swift; path = GameViewController.swift; sourceTree = "<group>"; };
		AC6D016221F8B3670085B827 /* Base */ = {isa = PBXFileReference; lastKnownFileType = file.storyboard; name = Base; path = Base.lproj/Main.storyboard; sourceTree = "<group>"; };
		AC6D016421F8B3680085B827 /* Assets.xcassets */ = {isa = PBXFileReference; lastKnownFileType = folder.assetcatalog; path = Assets.xcassets; sourceTree = "<group>"; };
		AC6D016721F8B3680085B827 /* Base */ = {isa = PBXFileReference; lastKnownFileType = file.storyboard; name = Base; path = Base.lproj/LaunchScreen.storyboard; sourceTree = "<group>"; };
		AC6D016921F8B3680085B827 /* Info.plist */ = {isa = PBXFileReference; lastKnownFileType = text.plist.xml; path = Info.plist; sourceTree = "<group>"; };
		AC6D016F21F8BCE80085B827 /* BluetoothSerial.swift */ = {isa = PBXFileReference; fileEncoding = 4; lastKnownFileType = sourcecode.swift; path = BluetoothSerial.swift; sourceTree = "<group>"; };
/* End PBXFileReference section */

/* Begin PBXFrameworksBuildPhase section */
		AC6D015121F8B3670085B827 /* Frameworks */ = {
			isa = PBXFrameworksBuildPhase;
			buildActionMask = 2147483647;
			files = (
			);
			runOnlyForDeploymentPostprocessing = 0;
		};
/* End PBXFrameworksBuildPhase section */

/* Begin PBXGroup section */
		AC6D014B21F8B3670085B827 = {
			isa = PBXGroup;
			children = (
				AC6D015621F8B3670085B827 /* EuroVizDemo */,
				AC6D015521F8B3670085B827 /* Products */,
			);
			sourceTree = "<group>";
		};
		AC6D015521F8B3670085B827 /* Products */ = {
			isa = PBXGroup;
			children = (
				AC6D015421F8B3670085B827 /* EuroVizDemo.app */,
			);
			name = Products;
			sourceTree = "<group>";
		};
		AC6D015621F8B3670085B827 /* EuroVizDemo */ = {
			isa = PBXGroup;
			children = (
				AC6D016F21F8BCE80085B827 /* BluetoothSerial.swift */,
				AC6D015721F8B3670085B827 /* AppDelegate.swift */,
				AC6D015921F8B3670085B827 /* GameScene.sks */,
				AC6D015B21F8B3670085B827 /* Actions.sks */,
				AC6D015D21F8B3670085B827 /* GameScene.swift */,
				AC6D015F21F8B3670085B827 /* GameViewController.swift */,
				AC6D016121F8B3670085B827 /* Main.storyboard */,
				AC6D016421F8B3680085B827 /* Assets.xcassets */,
				AC6D016621F8B3680085B827 /* LaunchScreen.storyboard */,
				AC6D016921F8B3680085B827 /* Info.plist */,
			);
			path = EuroVizDemo;
			sourceTree = "<group>";
		};
/* End PBXGroup section */

/* Begin PBXNativeTarget section */
		AC6D015321F8B3670085B827 /* EuroVizDemo */ = {
			isa = PBXNativeTarget;
			buildConfigurationList = AC6D016C21F8B3680085B827 /* Build configuration list for PBXNativeTarget "EuroVizDemo" */;
			buildPhases = (
				AC6D015021F8B3670085B827 /* Sources */,
				AC6D015121F8B3670085B827 /* Frameworks */,
				AC6D015221F8B3670085B827 /* Resources */,
			);
			buildRules = (
			);
			dependencies = (
			);
			name = EuroVizDemo;
			productName = EuroVizDemo;
			productReference = AC6D015421F8B3670085B827 /* EuroVizDemo.app */;
			productType = "com.apple.product-type.application";
		};
/* End PBXNativeTarget section */

/* Begin PBXProject section */
		AC6D014C21F8B3670085B827 /* Project object */ = {
			isa = PBXProject;
			attributes = {
				LastSwiftUpdateCheck = 1010;
				LastUpgradeCheck = 1010;
				ORGANIZATIONNAME = GoodToHear;
				TargetAttributes = {
					AC6D015321F8B3670085B827 = {
						CreatedOnToolsVersion = 10.1;
					};
				};
			};
			buildConfigurationList = AC6D014F21F8B3670085B827 /* Build configuration list for PBXProject "EuroVizDemo" */;
			compatibilityVersion = "Xcode 9.3";
			developmentRegion = en;
			hasScannedForEncodings = 0;
			knownRegions = (
				en,
				Base,
			);
			mainGroup = AC6D014B21F8B3670085B827;
			productRefGroup = AC6D015521F8B3670085B827 /* Products */;
			projectDirPath = "";
			projectRoot = "";
			targets = (
				AC6D015321F8B3670085B827 /* EuroVizDemo */,
			);
		};
/* End PBXProject section */

/* Begin PBXResourcesBuildPhase section */
		AC6D015221F8B3670085B827 /* Resources */ = {
			isa = PBXResourcesBuildPhase;
			buildActionMask = 2147483647;
			files = (
				AC6D016321F8B3670085B827 /* Main.storyboard in Resources */,
				AC6D015A21F8B3670085B827 /* GameScene.sks in Resources */,
				AC6D016521F8B3680085B827 /* Assets.xcassets in Resources */,
				AC6D016821F8B3680085B827 /* LaunchScreen.storyboard in Resources */,
				AC6D015C21F8B3670085B827 /* Actions.sks in Resources */,
			);
			runOnlyForDeploymentPostprocessing = 0;
		};
/* End PBXResourcesBuildPhase section */

/* Begin PBXSourcesBuildPhase section */
		AC6D015021F8B3670085B827 /* Sources */ = {
			isa = PBXSourcesBuildPhase;
			buildActionMask = 2147483647;
			files = (
				AC6D015E21F8B3670085B827 /* GameScene.swift in Sources */,
				AC6D016021F8B3670085B827 /* GameViewController.swift in Sources */,
				AC6D017021F8BCE80085B827 /* BluetoothSerial.swift in Sources */,
				AC6D015821F8B3670085B827 /* AppDelegate.swift in Sources */,
			);
			runOnlyForDeploymentPostprocessing = 0;
		};
/* End PBXSourcesBuildPhase section */

/* Begin PBXVariantGroup section */
		AC6D016121F8B3670085B827 /* Main.storyboard */ = {
			isa = PBXVariantGroup;
			children = (
				AC6D016221F8B3670085B827 /* Base */,
			);
			name = Main.storyboard;
			sourceTree = "<group>";
		};
		AC6D016621F8B3680085B827 /* LaunchScreen.storyboard */ = {
			isa = PBXVariantGroup;
			children = (
				AC6D016721F8B3680085B827 /* Base */,
			);
			name = LaunchScreen.storyboard;
			sourceTree = "<group>";
		};
/* End PBXVariantGroup section */

/* Begin XCBuildConfiguration section */
		AC6D016A21F8B3680085B827 /* Debug */ = {
			isa = XCBuildConfiguration;
			buildSettings = {
				ALWAYS_SEARCH_USER_PATHS = NO;
				CLANG_ANALYZER_NONNULL = YES;
				CLANG_ANALYZER_NUMBER_OBJECT_CONVERSION = YES_AGGRESSIVE;
				CLANG_CXX_LANGUAGE_STANDARD = "gnu++14";
				CLANG_CXX_LIBRARY = "libc++";
				CLANG_ENABLE_MODULES = YES;
				CLANG_ENABLE_OBJC_ARC = YES;
				CLANG_ENABLE_OBJC_WEAK = YES;
				CLANG_WARN_BLOCK_CAPTURE_AUTORELEASING = YES;
				CLANG_WARN_BOOL_CONVERSION = YES;
				CLANG_WARN_COMMA = YES;
				CLANG_WARN_CONSTANT_CONVERSION = YES;
				CLANG_WARN_DEPRECATED_OBJC_IMPLEMENTATIONS = YES;
				CLANG_WARN_DIRECT_OBJC_ISA_USAGE = YES_ERROR;
				CLANG_WARN_DOCUMENTATION_COMMENTS = YES;
				CLANG_WARN_EMPTY_BODY = YES;
				CLANG_WARN_ENUM_CONVERSION = YES;
				CLANG_WARN_INFINITE_RECURSION = YES;
				CLANG_WARN_INT_CONVERSION = YES;
				CLANG_WARN_NON_LITERAL_NULL_CONVERSION = YES;
				CLANG_WARN_OBJC_IMPLICIT_RETAIN_SELF = YES;
				CLANG_WARN_OBJC_LITERAL_CONVERSION = YES;
				CLANG_WARN_OBJC_ROOT_CLASS = YES_ERROR;
				CLANG_WARN_RANGE_LOOP_ANALYSIS = YES;
				CLANG_WARN_STRICT_PROTOTYPES = YES;
				CLANG_WARN_SUSPICIOUS_MOVE = YES;
				CLANG_WARN_UNGUARDED_AVAILABILITY = YES_AGGRESSIVE;
				CLANG_WARN_UNREACHABLE_CODE = YES;
				CLANG_WARN__DUPLICATE_METHOD_MATCH = YES;
				CODE_SIGN_IDENTITY = "iPhone Developer";
				COPY_PHASE_STRIP = NO;
				DEBUG_INFORMATION_FORMAT = dwarf;
				ENABLE_STRICT_OBJC_MSGSEND = YES;
				ENABLE_TESTABILITY = YES;
				GCC_C_LANGUAGE_STANDARD = gnu11;
				GCC_DYNAMIC_NO_PIC = NO;
				GCC_NO_COMMON_BLOCKS = YES;
				GCC_OPTIMIZATION_LEVEL = 0;
				GCC_PREPROCESSOR_DEFINITIONS = (
					"DEBUG=1",
					"$(inherited)",
				);
				GCC_WARN_64_TO_32_BIT_CONVERSION = YES;
				GCC_WARN_ABOUT_RETURN_TYPE = YES_ERROR;
				GCC_WARN_UNDECLARED_SELECTOR = YES;
				GCC_WARN_UNINITIALIZED_AUTOS = YES_AGGRESSIVE;
				GCC_WARN_UNUSED_FUNCTION = YES;
				GCC_WARN_UNUSED_VARIABLE = YES;
				IPHONEOS_DEPLOYMENT_TARGET = 12.1;
				MTL_ENABLE_DEBUG_INFO = INCLUDE_SOURCE;
				MTL_FAST_MATH = YES;
				ONLY_ACTIVE_ARCH = YES;
				SDKROOT = iphoneos;
				SWIFT_ACTIVE_COMPILATION_CONDITIONS = DEBUG;
				SWIFT_OPTIMIZATION_LEVEL = "-Onone";
			};
			name = Debug;
		};
		AC6D016B21F8B3680085B827 /* Release */ = {
			isa = XCBuildConfiguration;
			buildSettings = {
				ALWAYS_SEARCH_USER_PATHS = NO;
				CLANG_ANALYZER_NONNULL = YES;
				CLANG_ANALYZER_NUMBER_OBJECT_CONVERSION = YES_AGGRESSIVE;
				CLANG_CXX_LANGUAGE_STANDARD = "gnu++14";
				CLANG_CXX_LIBRARY = "libc++";
				CLANG_ENABLE_MODULES = YES;
				CLANG_ENABLE_OBJC_ARC = YES;
				CLANG_ENABLE_OBJC_WEAK = YES;
				CLANG_WARN_BLOCK_CAPTURE_AUTORELEASING = YES;
				CLANG_WARN_BOOL_CONVERSION = YES;
				CLANG_WARN_COMMA = YES;
				CLANG_WARN_CONSTANT_CONVERSION = YES;
				CLANG_WARN_DEPRECATED_OBJC_IMPLEMENTATIONS = YES;
				CLANG_WARN_DIRECT_OBJC_ISA_USAGE = YES_ERROR;
				CLANG_WARN_DOCUMENTATION_COMMENTS = YES;
				CLANG_WARN_EMPTY_BODY = YES;
				CLANG_WARN_ENUM_CONVERSION = YES;
				CLANG_WARN_INFINITE_RECURSION = YES;
				CLANG_WARN_INT_CONVERSION = YES;
				CLANG_WARN_NON_LITERAL_NULL_CONVERSION = YES;
				CLANG_WARN_OBJC_IMPLICIT_RETAIN_SELF = YES;
				CLANG_WARN_OBJC_LITERAL_CONVERSION = YES;
				CLANG_WARN_OBJC_ROOT_CLASS = YES_ERROR;
				CLANG_WARN_RANGE_LOOP_ANALYSIS = YES;
				CLANG_WARN_STRICT_PROTOTYPES = YES;
				CLANG_WARN_SUSPICIOUS_MOVE = YES;
				CLANG_WARN_UNGUARDED_AVAILABILITY = YES_AGGRESSIVE;
				CLANG_WARN_UNREACHABLE_CODE = YES;
				CLANG_WARN__DUPLICATE_METHOD_MATCH = YES;
				CODE_SIGN_IDENTITY = "iPhone Developer";
				COPY_PHASE_STRIP = NO;
				DEBUG_INFORMATION_FORMAT = "dwarf-with-dsym";
				ENABLE_NS_ASSERTIONS = NO;
				ENABLE_STRICT_OBJC_MSGSEND = YES;
				GCC_C_LANGUAGE_STANDARD = gnu11;
				GCC_NO_COMMON_BLOCKS = YES;
				GCC_WARN_64_TO_32_BIT_CONVERSION = YES;
				GCC_WARN_ABOUT_RETURN_TYPE = YES_ERROR;
				GCC_WARN_UNDECLARED_SELECTOR = YES;
				GCC_WARN_UNINITIALIZED_AUTOS = YES_AGGRESSIVE;
				GCC_WARN_UNUSED_FUNCTION = YES;
				GCC_WARN_UNUSED_VARIABLE = YES;
				IPHONEOS_DEPLOYMENT_TARGET = 12.1;
				MTL_ENABLE_DEBUG_INFO = NO;
				MTL_FAST_MATH = YES;
				SDKROOT = iphoneos;
				SWIFT_COMPILATION_MODE = wholemodule;
				SWIFT_OPTIMIZATION_LEVEL = "-O";
				VALIDATE_PRODUCT = YES;
			};
			name = Release;
		};
		AC6D016D21F8B3680085B827 /* Debug */ = {
			isa = XCBuildConfiguration;
			buildSettings = {
				ASSETCATALOG_COMPILER_APPICON_NAME = AppIcon;
				CODE_SIGN_STYLE = Automatic;
				DEVELOPMENT_TEAM = TNRLJ4WU59;
				INFOPLIST_FILE = EuroVizDemo/Info.plist;
				IPHONEOS_DEPLOYMENT_TARGET = 11.0;
				LD_RUNPATH_SEARCH_PATHS = (
					"$(inherited)",
					"@executable_path/Frameworks",
				);
				PRODUCT_BUNDLE_IDENTIFIER = com.goodtohear.EuroVizDemo;
				PRODUCT_NAME = "$(TARGET_NAME)";
				SWIFT_VERSION = 4.2;
				TARGETED_DEVICE_FAMILY = "1,2";
			};
			name = Debug;
		};
		AC6D016E21F8B3680085B827 /* Release */ = {
			isa = XCBuildConfiguration;
			buildSettings = {
				ASSETCATALOG_COMPILER_APPICON_NAME = AppIcon;
				CODE_SIGN_STYLE = Automatic;
				DEVELOPMENT_TEAM = TNRLJ4WU59;
				INFOPLIST_FILE = EuroVizDemo/Info.plist;
				IPHONEOS_DEPLOYMENT_TARGET = 11.0;
				LD_RUNPATH_SEARCH_PATHS = (
					"$(inherited)",
					"@executable_path/Frameworks",
				);
				PRODUCT_BUNDLE_IDENTIFIER = com.goodtohear.EuroVizDemo;
				PRODUCT_NAME = "$(TARGET_NAME)";
				SWIFT_VERSION = 4.2;
				TARGETED_DEVICE_FAMILY = "1,2";
			};
			name = Release;
		};
/* End XCBuildConfiguration section */

/* Begin XCConfigurationList section */
		AC6D014F21F8B3670085B827 /* Build configuration list for PBXProject "EuroVizDemo" */ = {
			isa = XCConfigurationList;
			buildConfigurations = (
				AC6D016A21F8B3680085B827 /* Debug */,
				AC6D016B21F8B3680085B827 /* Release */,
			);
			defaultConfigurationIsVisible = 0;
			defaultConfigurationName = Release;
		};
		AC6D016C21F8B3680085B827 /* Build configuration list for PBXNativeTarget "EuroVizDemo" */ = {
			isa = XCConfigurationList;
			buildConfigurations = (
				AC6D016D21F8B3680085B827 /* Debug */,
				AC6D016E21F8B3680085B827 /* Release */,
			);
			defaultConfigurationIsVisible = 0;
			defaultConfigurationName = Release;
		};
/* End XCConfigurationList section */
	};
	rootObject = AC6D014C21F8B3670085B827 /* Project object */;
}
